// !$*UTF8*$!
{
	archiveVersion = 1;
	classes = {
	};
	objectVersion = 46;
	objects = {

/* Begin PBXBuildFile section */
		3B55AEDC1D3F120C009B6C68 /* main.m in Sources */ = {isa = PBXBuildFile; fileRef = 3B55AEDB1D3F120C009B6C68 /* main.m */; };
		3B55AEDF1D3F120C009B6C68 /* AppDelegate.m in Sources */ = {isa = PBXBuildFile; fileRef = 3B55AEDE1D3F120C009B6C68 /* AppDelegate.m */; };
		3B55AEE21D3F120C009B6C68 /* ViewController.m in Sources */ = {isa = PBXBuildFile; fileRef = 3B55AEE11D3F120C009B6C68 /* ViewController.m */; };
		3B55AEE51D3F120C009B6C68 /* Main.storyboard in Resources */ = {isa = PBXBuildFile; fileRef = 3B55AEE31D3F120C009B6C68 /* Main.storyboard */; };
		3B55AEE71D3F120C009B6C68 /* Assets.xcassets in Resources */ = {isa = PBXBuildFile; fileRef = 3B55AEE61D3F120C009B6C68 /* Assets.xcassets */; };
		3B55AEEA1D3F120C009B6C68 /* LaunchScreen.storyboard in Resources */ = {isa = PBXBuildFile; fileRef = 3B55AEE81D3F120C009B6C68 /* LaunchScreen.storyboard */; };
		3B55AEF31D3F12A0009B6C68 /* TableViewController.m in Sources */ = {isa = PBXBuildFile; fileRef = 3B55AEF21D3F12A0009B6C68 /* TableViewController.m */; };
/* End PBXBuildFile section */

/* Begin PBXFileReference section */
		3B55AED71D3F120C009B6C68 /* Block两个界面之间反向传值.app */ = {isa = PBXFileReference; explicitFileType = wrapper.application; includeInIndex = 0; path = "Block两个界面之间反向传值.app"; sourceTree = BUILT_PRODUCTS_DIR; };
		3B55AEDB1D3F120C009B6C68 /* main.m */ = {isa = PBXFileReference; lastKnownFileType = sourcecode.c.objc; path = main.m; sourceTree = "<group>"; };
		3B55AEDD1D3F120C009B6C68 /* AppDelegate.h */ = {isa = PBXFileReference; lastKnownFileType = sourcecode.c.h; path = AppDelegate.h; sourceTree = "<group>"; };
		3B55AEDE1D3F120C009B6C68 /* AppDelegate.m */ = {isa = PBXFileReference; lastKnownFileType = sourcecode.c.objc; path = AppDelegate.m; sourceTree = "<group>"; };
		3B55AEE01D3F120C009B6C68 /* ViewController.h */ = {isa = PBXFileReference; lastKnownFileType = sourcecode.c.h; path = ViewController.h; sourceTree = "<group>"; };
		3B55AEE11D3F120C009B6C68 /* ViewController.m */ = {isa = PBXFileReference; lastKnownFileType = sourcecode.c.objc; path = ViewController.m; sourceTree = "<group>"; };
		3B55AEE41D3F120C009B6C68 /* Base */ = {isa = PBXFileReference; lastKnownFileType = file.storyboard; name = Base; path = Base.lproj/Main.storyboard; sourceTree = "<group>"; };
		3B55AEE61D3F120C009B6C68 /* Assets.xcassets */ = {isa = PBXFileReference; lastKnownFileType = folder.assetcatalog; path = Assets.xcassets; sourceTree = "<group>"; };
		3B55AEE91D3F120C009B6C68 /* Base */ = {isa = PBXFileReference; lastKnownFileType = file.storyboard; name = Base; path = Base.lproj/LaunchScreen.storyboard; sourceTree = "<group>"; };
		3B55AEEB1D3F120C009B6C68 /* Info.plist */ = {isa = PBXFileReference; lastKnownFileType = text.plist.xml; path = Info.plist; sourceTree = "<group>"; };
		3B55AEF11D3F12A0009B6C68 /* TableViewController.h */ = {isa = PBXFileReference; fileEncoding = 4; lastKnownFileType = sourcecode.c.h; path = TableViewController.h; sourceTree = "<group>"; };
		3B55AEF21D3F12A0009B6C68 /* TableViewController.m */ = {isa = PBXFileReference; fileEncoding = 4; lastKnownFileType = sourcecode.c.objc; path = TableViewController.m; sourceTree = "<group>"; };
/* End PBXFileReference section */

/* Begin PBXFrameworksBuildPhase section */
		3B55AED41D3F120C009B6C68 /* Frameworks */ = {
			isa = PBXFrameworksBuildPhase;
			buildActionMask = 2147483647;
			files = (
			);
			runOnlyForDeploymentPostprocessing = 0;
		};
/* End PBXFrameworksBuildPhase section */

/* Begin PBXGroup section */
		3B55AECE1D3F120C009B6C68 = {
			isa = PBXGroup;
			children = (
				3B55AED91D3F120C009B6C68 /* table */,
				3B55AED81D3F120C009B6C68 /* Products */,
			);
			sourceTree = "<group>";
		};
		3B55AED81D3F120C009B6C68 /* Products */ = {
			isa = PBXGroup;
			children = (
				3B55AED71D3F120C009B6C68 /* Block两个界面之间反向传值.app */,
			);
			name = Products;
			sourceTree = "<group>";
		};
		3B55AED91D3F120C009B6C68 /* table */ = {
			isa = PBXGroup;
			children = (
				3B55AEDD1D3F120C009B6C68 /* AppDelegate.h */,
				3B55AEDE1D3F120C009B6C68 /* AppDelegate.m */,
				3B55AEE01D3F120C009B6C68 /* ViewController.h */,
				3B55AEE11D3F120C009B6C68 /* ViewController.m */,
				3B55AEE31D3F120C009B6C68 /* Main.storyboard */,
				3B55AEF11D3F12A0009B6C68 /* TableViewController.h */,
				3B55AEF21D3F12A0009B6C68 /* TableViewController.m */,
				3B55AEE61D3F120C009B6C68 /* Assets.xcassets */,
				3B55AEE81D3F120C009B6C68 /* LaunchScreen.storyboard */,
				3B55AEEB1D3F120C009B6C68 /* Info.plist */,
				3B55AEDA1D3F120C009B6C68 /* Supporting Files */,
			);
			path = table;
			sourceTree = "<group>";
		};
		3B55AEDA1D3F120C009B6C68 /* Supporting Files */ = {
			isa = PBXGroup;
			children = (
				3B55AEDB1D3F120C009B6C68 /* main.m */,
			);
			name = "Supporting Files";
			sourceTree = "<group>";
		};
/* End PBXGroup section */

/* Begin PBXNativeTarget section */
		3B55AED61D3F120C009B6C68 /* Block两个界面之间反向传值 */ = {
			isa = PBXNativeTarget;
			buildConfigurationList = 3B55AEEE1D3F120C009B6C68 /* Build configuration list for PBXNativeTarget "Block两个界面之间反向传值" */;
			buildPhases = (
				3B55AED31D3F120C009B6C68 /* Sources */,
				3B55AED41D3F120C009B6C68 /* Frameworks */,
				3B55AED51D3F120C009B6C68 /* Resources */,
			);
			buildRules = (
			);
			dependencies = (
			);
			name = "Block两个界面之间反向传值";
			productName = table;
			productReference = 3B55AED71D3F120C009B6C68 /* Block两个界面之间反向传值.app */;
			productType = "com.apple.product-type.application";
		};
/* End PBXNativeTarget section */

/* Begin PBXProject section */
		3B55AECF1D3F120C009B6C68 /* Project object */ = {
			isa = PBXProject;
			attributes = {
				LastUpgradeCheck = 0720;
				ORGANIZATIONNAME = tarena;
				TargetAttributes = {
					3B55AED61D3F120C009B6C68 = {
						CreatedOnToolsVersion = 7.2.1;
					};
				};
			};
			buildConfigurationList = 3B55AED21D3F120C009B6C68 /* Build configuration list for PBXProject "Block两个界面之间反向传值" */;
			compatibilityVersion = "Xcode 3.2";
			developmentRegion = English;
			hasScannedForEncodings = 0;
			knownRegions = (
				en,
				Base,
			);
			mainGroup = 3B55AECE1D3F120C009B6C68;
			productRefGroup = 3B55AED81D3F120C009B6C68 /* Products */;
			projectDirPath = "";
			projectRoot = "";
			targets = (
				3B55AED61D3F120C009B6C68 /* Block两个界面之间反向传值 */,
			);
		};
/* End PBXProject section */

/* Begin PBXResourcesBuildPhase section */
		3B55AED51D3F120C009B6C68 /* Resources */ = {
			isa = PBXResourcesBuildPhase;
			buildActionMask = 2147483647;
			files = (
				3B55AEEA1D3F120C009B6C68 /* LaunchScreen.storyboard in Resources */,
				3B55AEE71D3F120C009B6C68 /* Assets.xcassets in Resources */,
				3B55AEE51D3F120C009B6C68 /* Main.storyboard in Resources */,
			);
			runOnlyForDeploymentPostprocessing = 0;
		};
/* End PBXResourcesBuildPhase section */

/* Begin PBXSourcesBuildPhase section */
		3B55AED31D3F120C009B6C68 /* Sources */ = {
			isa = PBXSourcesBuildPhase;
			buildActionMask = 2147483647;
			files = (
				3B55AEE21D3F120C009B6C68 /* ViewController.m in Sources */,
				3B55AEDF1D3F120C009B6C68 /* AppDelegate.m in Sources */,
				3B55AEDC1D3F120C009B6C68 /* main.m in Sources */,
				3B55AEF31D3F12A0009B6C68 /* TableViewController.m in Sources */,
			);
			runOnlyForDeploymentPostprocessing = 0;
		};
/* End PBXSourcesBuildPhase section */

/* Begin PBXVariantGroup section */
		3B55AEE31D3F120C009B6C68 /* Main.storyboard */ = {
			isa = PBXVariantGroup;
			children = (
				3B55AEE41D3F120C009B6C68 /* Base */,
			);
			name = Main.storyboard;
			sourceTree = "<group>";
		};
		3B55AEE81D3F120C009B6C68 /* LaunchScreen.storyboard */ = {
			isa = PBXVariantGroup;
			children = (
				3B55AEE91D3F120C009B6C68 /* Base */,
			);
			name = LaunchScreen.storyboard;
			sourceTree = "<group>";
		};
/* End PBXVariantGroup section */

/* Begin XCBuildConfiguration section */
		3B55AEEC1D3F120C009B6C68 /* Debug */ = {
			isa = XCBuildConfiguration;
			buildSettings = {
				ALWAYS_SEARCH_USER_PATHS = NO;
				CLANG_CXX_LANGUAGE_STANDARD = "gnu++0x";
				CLANG_CXX_LIBRARY = "libc++";
				CLANG_ENABLE_MODULES = YES;
				CLANG_ENABLE_OBJC_ARC = YES;
				CLANG_WARN_BOOL_CONVERSION = YES;
				CLANG_WARN_CONSTANT_CONVERSION = YES;
				CLANG_WARN_DIRECT_OBJC_ISA_USAGE = YES_ERROR;
				CLANG_WARN_EMPTY_BODY = YES;
				CLANG_WARN_ENUM_CONVERSION = YES;
				CLANG_WARN_INT_CONVERSION = YES;
				CLANG_WARN_OBJC_ROOT_CLASS = YES_ERROR;
				CLANG_WARN_UNREACHABLE_CODE = YES;
				CLANG_WARN__DUPLICATE_METHOD_MATCH = YES;
				"CODE_SIGN_IDENTITY[sdk=iphoneos*]" = "iPhone Developer";
				COPY_PHASE_STRIP = NO;
				DEBUG_INFORMATION_FORMAT = dwarf;
				ENABLE_STRICT_OBJC_MSGSEND = YES;
				ENABLE_TESTABILITY = YES;
				GCC_C_LANGUAGE_STANDARD = gnu99;
				GCC_DYNAMIC_NO_PIC = NO;
				GCC_NO_COMMON_BLOCKS = YES;
				GCC_OPTIMIZATION_LEVEL = 0;
				GCC_PREPROCESSOR_DEFINITIONS = (
					"DEBUG=1",
					"$(inherited)",
				);
				GCC_WARN_64_TO_32_BIT_CONVERSION = YES;
				GCC_WARN_ABOUT_RETURN_TYPE = YES_ERROR;
				GCC_WARN_UNDECLARED_SELECTOR = YES;
				GCC_WARN_UNINITIALIZED_AUTOS = YES_AGGRESSIVE;
				GCC_WARN_UNUSED_FUNCTION = YES;
				GCC_WARN_UNUSED_VARIABLE = YES;
				IPHONEOS_DEPLOYMENT_TARGET = 9.2;
				MTL_ENABLE_DEBUG_INFO = YES;
				ONLY_ACTIVE_ARCH = YES;
				SDKROOT = iphoneos;
			};
			name = Debug;
		};
		3B55AEED1D3F120C009B6C68 /* Release */ = {
			isa = XCBuildConfiguration;
			buildSettings = {
				ALWAYS_SEARCH_USER_PATHS = NO;
				CLANG_CXX_LANGUAGE_STANDARD = "gnu++0x";
				CLANG_CXX_LIBRARY = "libc++";
				CLANG_ENABLE_MODULES = YES;
				CLANG_ENABLE_OBJC_ARC = YES;
				CLANG_WARN_BOOL_CONVERSION = YES;
				CLANG_WARN_CONSTANT_CONVERSION = YES;
				CLANG_WARN_DIRECT_OBJC_ISA_USAGE = YES_ERROR;
				CLANG_WARN_EMPTY_BODY = YES;
				CLANG_WARN_ENUM_CONVERSION = YES;
				CLANG_WARN_INT_CONVERSION = YES;
				CLANG_WARN_OBJC_ROOT_CLASS = YES_ERROR;
				CLANG_WARN_UNREACHABLE_CODE = YES;
				CLANG_WARN__DUPLICATE_METHOD_MATCH = YES;
				"CODE_SIGN_IDENTITY[sdk=iphoneos*]" = "iPhone Developer";
				COPY_PHASE_STRIP = NO;
				DEBUG_INFORMATION_FORMAT = "dwarf-with-dsym";
				ENABLE_NS_ASSERTIONS = NO;
				ENABLE_STRICT_OBJC_MSGSEND = YES;
				GCC_C_LANGUAGE_STANDARD = gnu99;
				GCC_NO_COMMON_BLOCKS = YES;
				GCC_WARN_64_TO_32_BIT_CONVERSION = YES;
				GCC_WARN_ABOUT_RETURN_TYPE = YES_ERROR;
				GCC_WARN_UNDECLARED_SELECTOR = YES;
				GCC_WARN_UNINITIALIZED_AUTOS = YES_AGGRESSIVE;
				GCC_WARN_UNUSED_FUNCTION = YES;
				GCC_WARN_UNUSED_VARIABLE = YES;
				IPHONEOS_DEPLOYMENT_TARGET = 9.2;
				MTL_ENABLE_DEBUG_INFO = NO;
				SDKROOT = iphoneos;
				VALIDATE_PRODUCT = YES;
			};
			name = Release;
		};
		3B55AEEF1D3F120C009B6C68 /* Debug */ = {
			isa = XCBuildConfiguration;
			buildSettings = {
				ASSETCATALOG_COMPILER_APPICON_NAME = AppIcon;
				INFOPLIST_FILE = table/Info.plist;
				LD_RUNPATH_SEARCH_PATHS = "$(inherited) @executable_path/Frameworks";
				PRODUCT_BUNDLE_IDENTIFIER = com.luojun.table;
				PRODUCT_NAME = "Block两个界面之间反向传值";
			};
			name = Debug;
		};
		3B55AEF01D3F120C009B6C68 /* Release */ = {
			isa = XCBuildConfiguration;
			buildSettings = {
				ASSETCATALOG_COMPILER_APPICON_NAME = AppIcon;
				INFOPLIST_FILE = table/Info.plist;
				LD_RUNPATH_SEARCH_PATHS = "$(inherited) @executable_path/Frameworks";
				PRODUCT_BUNDLE_IDENTIFIER = com.luojun.table;
				PRODUCT_NAME = "Block两个界面之间反向传值";
			};
			name = Release;
		};
/* End XCBuildConfiguration section */

/* Begin XCConfigurationList section */
		3B55AED21D3F120C009B6C68 /* Build configuration list for PBXProject "Block两个界面之间反向传值" */ = {
			isa = XCConfigurationList;
			buildConfigurations = (
				3B55AEEC1D3F120C009B6C68 /* Debug */,
				3B55AEED1D3F120C009B6C68 /* Release */,
			);
			defaultConfigurationIsVisible = 0;
			defaultConfigurationName = Release;
		};
		3B55AEEE1D3F120C009B6C68 /* Build configuration list for PBXNativeTarget "Block两个界面之间反向传值" */ = {
			isa = XCConfigurationList;
			buildConfigurations = (
				3B55AEEF1D3F120C009B6C68 /* Debug */,
				3B55AEF01D3F120C009B6C68 /* Release */,
			);
			defaultConfigurationIsVisible = 0;
			defaultConfigurationName = Release;
		};
/* End XCConfigurationList section */
	};
	rootObject = 3B55AECF1D3F120C009B6C68 /* Project object */;
}
